
Microsoft Visual Studio Solution File, Format Version 12.00
# Visual Studio Version 17
VisualStudioVersion = 17.4.33103.184
MinimumVisualStudioVersion = 10.0.40219.1
Project("{FAE04EC0-301F-11D3-BF4B-00C04F79EFBC}") = "GrpcServer", "GrpcServer\GrpcServer.csproj", "{FE7B56A3-0FDC-4772-9A4F-538F152F2642}"
EndProject
Global
	GlobalSection(SolutionConfigurationPlatforms) = preSolution
		Debug|Any CPU = Debug|Any CPU
		Release|Any CPU = Release|Any CPU
	EndGlobalSection
	GlobalSection(ProjectConfigurationPlatforms) = postSolution
		{FE7B56A3-0FDC-4772-9A4F-538F152F2642}.Debug|Any CPU.ActiveCfg = Debug|Any CPU
		{FE7B56A3-0FDC-4772-9A4F-538F152F2642}.Debug|Any CPU.Build.0 = Debug|Any CPU
		{FE7B56A3-0FDC-4772-9A4F-538F152F2642}.Release|Any CPU.ActiveCfg = Release|Any CPU
		{FE7B56A3-0FDC-4772-9A4F-538F152F2642}.Release|Any CPU.Build.0 = Release|Any CPU
	EndGlobalSection
	GlobalSection(SolutionProperties) = preSolution
		HideSolutionNode = FALSE
	EndGlobalSection
	GlobalSection(ExtensibilityGlobals) = postSolution
		SolutionGuid = {436E5D50-BAFD-4FE4-BFF8-6E305A670668}
	EndGlobalSection
EndGlobal
